
Microsoft Visual Studio Solution File, Format Version 12.00
# Visual Studio 14
VisualStudioVersion = 14.0.24720.0
MinimumVisualStudioVersion = 10.0.40219.1
Project("{FAE04EC0-301F-11D3-BF4B-00C04F79EFBC}") = "BetList.Core", "BetList.Core\BetList.Core.csproj", "{D7A94838-A2A1-4C3A-85C4-FFBCC3C4767D}"
EndProject
Project("{FAE04EC0-301F-11D3-BF4B-00C04F79EFBC}") = "HTML", "HTML\HTML.csproj", "{1367438D-7966-4E8F-9C3E-522A33F53CB9}"
EndProject
Project("{FAE04EC0-301F-11D3-BF4B-00C04F79EFBC}") = "BetList.Product", "Product\BetList.Product.csproj", "{737F204A-F5C4-425A-9909-1C900A84191F}"
EndProject
Project("{FAE04EC0-301F-11D3-BF4B-00C04F79EFBC}") = "DemoSite", "DemoSite\DemoSite.csproj", "{8F366A6E-8BEF-459D-A49D-D4592D896E5F}"
EndProject
Project("{FAE04EC0-301F-11D3-BF4B-00C04F79EFBC}") = "BetList.Allbet", "BetList.Allbet\BetList.Allbet.csproj", "{BDB6B100-BF2D-4DB8-A97B-3266654A465E}"
EndProject
Project("{2150E333-8FDC-42A3-9474-1A3956D46DE8}") = "Allbet", "Allbet", "{1C3776E2-5627-4327-BED1-5C3FBB5C2A20}"
EndProject
Project("{2150E333-8FDC-42A3-9474-1A3956D46DE8}") = "Product", "Product", "{C46D95A8-0DD2-44BA-A13C-A7DD8E0DD1BD}"
EndProject
Project("{FAE04EC0-301F-11D3-BF4B-00C04F79EFBC}") = "Excel", "Excel\Excel.csproj", "{5BAA90BE-D203-4955-B232-15F39F84BA16}"
EndProject
Global
	GlobalSection(SolutionConfigurationPlatforms) = preSolution
		Debug|Any CPU = Debug|Any CPU
		Release|Any CPU = Release|Any CPU
	EndGlobalSection
	GlobalSection(ProjectConfigurationPlatforms) = postSolution
		{D7A94838-A2A1-4C3A-85C4-FFBCC3C4767D}.Debug|Any CPU.ActiveCfg = Debug|Any CPU
		{D7A94838-A2A1-4C3A-85C4-FFBCC3C4767D}.Debug|Any CPU.Build.0 = Debug|Any CPU
		{D7A94838-A2A1-4C3A-85C4-FFBCC3C4767D}.Release|Any CPU.ActiveCfg = Release|Any CPU
		{D7A94838-A2A1-4C3A-85C4-FFBCC3C4767D}.Release|Any CPU.Build.0 = Release|Any CPU
		{1367438D-7966-4E8F-9C3E-522A33F53CB9}.Debug|Any CPU.ActiveCfg = Debug|Any CPU
		{1367438D-7966-4E8F-9C3E-522A33F53CB9}.Debug|Any CPU.Build.0 = Debug|Any CPU
		{1367438D-7966-4E8F-9C3E-522A33F53CB9}.Release|Any CPU.ActiveCfg = Release|Any CPU
		{1367438D-7966-4E8F-9C3E-522A33F53CB9}.Release|Any CPU.Build.0 = Release|Any CPU
		{737F204A-F5C4-425A-9909-1C900A84191F}.Debug|Any CPU.ActiveCfg = Debug|Any CPU
		{737F204A-F5C4-425A-9909-1C900A84191F}.Debug|Any CPU.Build.0 = Debug|Any CPU
		{737F204A-F5C4-425A-9909-1C900A84191F}.Release|Any CPU.ActiveCfg = Release|Any CPU
		{737F204A-F5C4-425A-9909-1C900A84191F}.Release|Any CPU.Build.0 = Release|Any CPU
		{8F366A6E-8BEF-459D-A49D-D4592D896E5F}.Debug|Any CPU.ActiveCfg = Debug|Any CPU
		{8F366A6E-8BEF-459D-A49D-D4592D896E5F}.Debug|Any CPU.Build.0 = Debug|Any CPU
		{8F366A6E-8BEF-459D-A49D-D4592D896E5F}.Release|Any CPU.ActiveCfg = Release|Any CPU
		{8F366A6E-8BEF-459D-A49D-D4592D896E5F}.Release|Any CPU.Build.0 = Release|Any CPU
		{BDB6B100-BF2D-4DB8-A97B-3266654A465E}.Debug|Any CPU.ActiveCfg = Debug|Any CPU
		{BDB6B100-BF2D-4DB8-A97B-3266654A465E}.Debug|Any CPU.Build.0 = Debug|Any CPU
		{BDB6B100-BF2D-4DB8-A97B-3266654A465E}.Release|Any CPU.ActiveCfg = Release|Any CPU
		{BDB6B100-BF2D-4DB8-A97B-3266654A465E}.Release|Any CPU.Build.0 = Release|Any CPU
		{5BAA90BE-D203-4955-B232-15F39F84BA16}.Debug|Any CPU.ActiveCfg = Debug|Any CPU
		{5BAA90BE-D203-4955-B232-15F39F84BA16}.Debug|Any CPU.Build.0 = Debug|Any CPU
		{5BAA90BE-D203-4955-B232-15F39F84BA16}.Release|Any CPU.ActiveCfg = Release|Any CPU
		{5BAA90BE-D203-4955-B232-15F39F84BA16}.Release|Any CPU.Build.0 = Release|Any CPU
	EndGlobalSection
	GlobalSection(SolutionProperties) = preSolution
		HideSolutionNode = FALSE
	EndGlobalSection
	GlobalSection(NestedProjects) = preSolution
		{737F204A-F5C4-425A-9909-1C900A84191F} = {C46D95A8-0DD2-44BA-A13C-A7DD8E0DD1BD}
		{BDB6B100-BF2D-4DB8-A97B-3266654A465E} = {1C3776E2-5627-4327-BED1-5C3FBB5C2A20}
	EndGlobalSection
EndGlobal
