
Microsoft Visual Studio Solution File, Format Version 12.00
# Visual Studio 14
VisualStudioVersion = 14.0.24720.0
MinimumVisualStudioVersion = 10.0.40219.1
Project("{2150E333-8FDC-42A3-9474-1A3956D46DE8}") = "_CodeAnalysis", "_CodeAnalysis", "{806E6B7B-8CAA-49B4-B5AB-145030E6B66A}"
	ProjectSection(SolutionItems) = preProject
		CodeAnalysis\CodeAnalysisConfiguration.xml = CodeAnalysis\CodeAnalysisConfiguration.xml
	EndProjectSection
EndProject
Project("{2150E333-8FDC-42A3-9474-1A3956D46DE8}") = "_Example", "_Example", "{24BA1707-BE2A-4391-8A57-747DE7EAA0D4}"
EndProject
Project("{2150E333-8FDC-42A3-9474-1A3956D46DE8}") = ".nuget", ".nuget", "{486008E8-F444-4221-8AD0-E3C4DFAC5CB5}"
EndProject
Project("{FAE04EC0-301F-11D3-BF4B-00C04F79EFBC}") = "Fanex.BetList.Core", "Fanex.BetList.Core\Fanex.BetList.Core.csproj", "{B0838D04-2306-4362-AF22-9FCD0BE6F8E7}"
EndProject
Project("{FAE04EC0-301F-11D3-BF4B-00C04F79EFBC}") = "Fanex.BetList.Example.Data", "Fanex.BetList.Example.Data\Fanex.BetList.Example.Data.csproj", "{CF75E712-CD28-42EF-A9F7-5DDE2B4E7BA8}"
EndProject
Project("{FAE04EC0-301F-11D3-BF4B-00C04F79EFBC}") = "Fanex.BetList.Example.MVC", "Fanex.BetList.Example.MVC\Fanex.BetList.Example.MVC.csproj", "{8ACF58AD-9149-4D94-B2EB-996FA0E3F2DA}"
EndProject
Project("{FAE04EC0-301F-11D3-BF4B-00C04F79EFBC}") = "Fanex.BetList.Example.Extension", "Fanex.BetList.Example.Extension\Fanex.BetList.Example.Extension.csproj", "{C170087E-7A8F-4CBC-A0F7-F869DFFE48FD}"
EndProject
Project("{FAE04EC0-301F-11D3-BF4B-00C04F79EFBC}") = "Fanex.BetList.Core.UnitTest", "Fanex.BetList.Core.UnitTest\Fanex.BetList.Core.UnitTest.csproj", "{879AB95E-FB73-4F65-BD8A-7E4F579BCFDB}"
EndProject
Project("{FAE04EC0-301F-11D3-BF4B-00C04F79EFBC}") = "Fanex.BetList.GoldDeluxe", "Fanex.BetList.GoldDeluxe\Fanex.BetList.GoldDeluxe.csproj", "{9B786951-7D5C-42C4-A9DF-EC558BC44593}"
EndProject
Project("{FAE04EC0-301F-11D3-BF4B-00C04F79EFBC}") = "Fanex.BetList.Core.App", "Fanex.BetList.Core.App\Fanex.BetList.Core.App.csproj", "{79BF3FAB-6D1C-4DB7-9911-1B8880BC2E2E}"
EndProject
Project("{FAE04EC0-301F-11D3-BF4B-00C04F79EFBC}") = "Fanex.BetList.MetricGaming", "Fanex.BetList.MetricGaming\Fanex.BetList.MetricGaming.csproj", "{054031E6-3E06-47D9-B3D1-B8A8E164E504}"
EndProject
Project("{FAE04EC0-301F-11D3-BF4B-00C04F79EFBC}") = "Fanex.BetList.MetricGaming.Test", "Fanex.BetList.MetricGaming.Test\Fanex.BetList.MetricGaming.Test.csproj", "{899F860D-D9FC-4F83-9BF8-67B3C0D4EECD}"
EndProject
Project("{FAE04EC0-301F-11D3-BF4B-00C04F79EFBC}") = "Fanex.BetList.Microgaming", "Fanex.BetList.Microgaming\Fanex.BetList.Microgaming.csproj", "{FBFA63DF-5A51-4FFF-8535-AD0F5E723B64}"
EndProject
Project("{FAE04EC0-301F-11D3-BF4B-00C04F79EFBC}") = "Fanex.BetList.Microgaming.Test", "Fanex.BetList.Microgaming.Test\Fanex.BetList.Microgaming.Test.csproj", "{73330D02-9B8F-43D3-A423-462218EDB486}"
EndProject
Project("{FAE04EC0-301F-11D3-BF4B-00C04F79EFBC}") = "Fanex.BetList.BetTrade", "Fanex.BetList.BetTrade\Fanex.BetList.BetTrade.csproj", "{386BF8AA-7EE2-46BB-AECC-6CD829671881}"
EndProject
Project("{FAE04EC0-301F-11D3-BF4B-00C04F79EFBC}") = "Fanex.BetList.BetTrade.Test", "Fanex.BetList.BetTrade.Test\Fanex.BetList.BetTrade.Test.csproj", "{325D1BA4-98B0-47EC-A42D-6375C940ADF9}"
EndProject
Project("{FAE04EC0-301F-11D3-BF4B-00C04F79EFBC}") = "Fanex.BetList.MyanmarOdds", "Fanex.BetList.MyanmarOdds\Fanex.BetList.MyanmarOdds.csproj", "{A757A8FC-9989-4945-8319-74A02A2E7D2D}"
EndProject
Project("{FAE04EC0-301F-11D3-BF4B-00C04F79EFBC}") = "Fanex.BetList.MyanmarOdds.Test", "Fanex.BetList.MyanmarOdds.Test\Fanex.BetList.MyanmarOdds.Test.csproj", "{12850D10-2DA6-4275-8EE1-0AA4D6FB7AB7}"
EndProject
Project("{2150E333-8FDC-42A3-9474-1A3956D46DE8}") = "ColossusBets", "ColossusBets", "{80671B5A-8776-4847-A27A-E1CCA426944D}"
EndProject
Project("{FAE04EC0-301F-11D3-BF4B-00C04F79EFBC}") = "Fanex.BetList.ColossusBets", "Fanex.BetList.ColossusBets\Fanex.BetList.ColossusBets.csproj", "{89B48C7F-9EA2-40CF-879C-5509555D3B1D}"
EndProject
Project("{FAE04EC0-301F-11D3-BF4B-00C04F79EFBC}") = "Fanex.BetList.ColossusBets.Tests", "Fanex.BetList.ColossusBets.Tests\Fanex.BetList.ColossusBets.Tests.csproj", "{BDBF564A-45AB-419D-800C-BFAAC949FDE3}"
EndProject
Project("{2150E333-8FDC-42A3-9474-1A3956D46DE8}") = "GoldDeluxe", "GoldDeluxe", "{6C4B2D97-C73E-4AF4-83EB-848DF0BBDC51}"
EndProject
Project("{2150E333-8FDC-42A3-9474-1A3956D46DE8}") = "MetricGaming", "MetricGaming", "{0E486076-F798-4FB5-9ED5-3EEDECC8400B}"
EndProject
Project("{2150E333-8FDC-42A3-9474-1A3956D46DE8}") = "MicroGaming", "MicroGaming", "{12CD51B1-5A4D-4271-AA76-212D3A5B42DC}"
EndProject
Project("{2150E333-8FDC-42A3-9474-1A3956D46DE8}") = "MyanmarOdds", "MyanmarOdds", "{409972E1-4F69-4F28-828D-2D40D66E14DD}"
EndProject
Project("{2150E333-8FDC-42A3-9474-1A3956D46DE8}") = "BetTrade", "BetTrade", "{39125549-7899-4D36-88B7-6E170E056CE5}"
EndProject
Project("{2150E333-8FDC-42A3-9474-1A3956D46DE8}") = "AGCasino", "AGCasino", "{43DCCF98-1905-4207-AC4D-D08335054A1A}"
EndProject
Project("{FAE04EC0-301F-11D3-BF4B-00C04F79EFBC}") = "Fanex.BetList.AGCasino", "Fanex.BetList.AGCasino\Fanex.BetList.AGCasino.csproj", "{C18E1369-66C3-4A87-82BF-10E13E6CC2A0}"
EndProject
Project("{FAE04EC0-301F-11D3-BF4B-00C04F79EFBC}") = "Fanex.BetList.AGCasino.Tests", "Fanex.BetList.AGCasino.Tests\Fanex.BetList.AGCasino.Tests.csproj", "{CCFDFB42-5C2C-4F2E-A417-C6A1E015275B}"
EndProject
Project("{2150E333-8FDC-42A3-9474-1A3956D46DE8}") = "CockFighting", "CockFighting", "{BC87B3FF-A364-4EA9-9E89-29DA3B9D8D9C}"
EndProject
Project("{2150E333-8FDC-42A3-9474-1A3956D46DE8}") = "RnGCasino", "RnGCasino", "{E76BB8BC-2D1D-4C2F-9C44-3898029F1D0E}"
EndProject
Project("{FAE04EC0-301F-11D3-BF4B-00C04F79EFBC}") = "Fanex.BetList.CockFighting", "Fanex.BetList.CockFighting\Fanex.BetList.CockFighting.csproj", "{5A3E7893-910A-48A7-9582-58A864068CA8}"
EndProject
Project("{FAE04EC0-301F-11D3-BF4B-00C04F79EFBC}") = "Fanex.BetList.RnGCasino", "Fanex.BetList.RnGCasino\Fanex.BetList.RnGCasino.csproj", "{9EA9FE4A-AC19-4FF5-908F-54A7831B41EE}"
EndProject
Project("{FAE04EC0-301F-11D3-BF4B-00C04F79EFBC}") = "Fanex.BetList.CockFighting.Tests", "Fanex.BetList.CockFighting.Tests\Fanex.BetList.CockFighting.Tests.csproj", "{EBA573AD-BD41-47A3-A3A9-171E88CDD564}"
EndProject
Project("{FAE04EC0-301F-11D3-BF4B-00C04F79EFBC}") = "Fanex.BetList.RnGCasino.Tests", "Fanex.BetList.RnGCasino.Tests\Fanex.BetList.RnGCasino.Tests.csproj", "{876CB197-8526-46D7-8E91-3348BE81A404}"
EndProject
Project("{FAE04EC0-301F-11D3-BF4B-00C04F79EFBC}") = "InheritanceMapping", "InheritanceMapping\InheritanceMapping.csproj", "{DE35490A-102D-4BF9-9D19-6B69F527435E}"
EndProject
Project("{2150E333-8FDC-42A3-9474-1A3956D46DE8}") = "Racing", "Racing", "{505BB9C0-5642-4869-8316-FEFEB68015F0}"
EndProject
Project("{FAE04EC0-301F-11D3-BF4B-00C04F79EFBC}") = "Fanex.BetList.Racing", "Fanex.BetList.Racing\Fanex.BetList.Racing.csproj", "{627582B7-A84E-44E3-90C0-BBF9553B20B3}"
EndProject
Project("{2150E333-8FDC-42A3-9474-1A3956D46DE8}") = "VirtualSports", "VirtualSports", "{3AEF89CC-E1BB-412D-A5F7-EC2C1312CAD7}"
EndProject
Project("{FAE04EC0-301F-11D3-BF4B-00C04F79EFBC}") = "Fanex.BetList.VirtualSports", "Fanex.BetList.VirtualSports\Fanex.BetList.VirtualSports.csproj", "{AAE2BDAA-FE79-4F8D-BF1A-5923405E865C}"
EndProject
Project("{2150E333-8FDC-42A3-9474-1A3956D46DE8}") = "NumberGame", "NumberGame", "{C1E324DC-E0DA-4C8C-9D02-4D255FB6AE33}"
EndProject
Project("{FAE04EC0-301F-11D3-BF4B-00C04F79EFBC}") = "Fanex.BetList.NumberGame", "Fanex.BetList.NumberGame\Fanex.BetList.NumberGame.csproj", "{7B0D11F6-87D8-4DD9-A764-5D2A28169C8A}"
EndProject
Project("{2150E333-8FDC-42A3-9474-1A3956D46DE8}") = "Keno", "Keno", "{765857A2-B57A-4AAD-A894-51CF6D01CFDB}"
EndProject
Project("{2150E333-8FDC-42A3-9474-1A3956D46DE8}") = "P2P", "P2P", "{13F4558D-8BA7-406C-AF0A-6D354F5E750B}"
EndProject
Project("{2150E333-8FDC-42A3-9474-1A3956D46DE8}") = "LiveCasino", "LiveCasino", "{4BD7C014-F639-4476-8195-6DBD00B5D547}"
EndProject
Project("{FAE04EC0-301F-11D3-BF4B-00C04F79EFBC}") = "Fanex.BetList.Keno", "Fanex.BetList.Keno\Fanex.BetList.Keno.csproj", "{2BA9C14E-EA28-4BBD-96C8-AD64102A35F7}"
EndProject
Project("{FAE04EC0-301F-11D3-BF4B-00C04F79EFBC}") = "Fanex.BetList.P2P", "Fanex.BetList.P2P\Fanex.BetList.P2P.csproj", "{482D454D-50E7-4865-A15E-CE786C256E89}"
EndProject
Project("{FAE04EC0-301F-11D3-BF4B-00C04F79EFBC}") = "Fanex.BetList.LiveCasino", "Fanex.BetList.LiveCasino\Fanex.BetList.LiveCasino.csproj", "{1A349F42-3ADD-4D2E-BD47-F34026B827DA}"
EndProject
Project("{2150E333-8FDC-42A3-9474-1A3956D46DE8}") = "Bingo", "Bingo", "{FC07417C-A49C-47BB-8FAF-60EB32FD135D}"
EndProject
Project("{FAE04EC0-301F-11D3-BF4B-00C04F79EFBC}") = "Fanex.BetList.Bingo", "Fanex.BetList.Bingo\Fanex.BetList.Bingo.csproj", "{402EA8B6-745A-4CE9-B034-8D994B6E13E5}"
EndProject
Project("{FAE04EC0-301F-11D3-BF4B-00C04F79EFBC}") = "Fanex.BetList.NumberGame.Test", "Fanex.BetList.NumberGame.Test\Fanex.BetList.NumberGame.Test.csproj", "{EAD41C3C-2383-490D-B3CA-B8B5EF9AA192}"
EndProject
Project("{FAE04EC0-301F-11D3-BF4B-00C04F79EFBC}") = "Fanex.BetList.VirtualSports.Test", "Fanex.BetList.VirtualSports.Test\Fanex.BetList.VirtualSports.Test.csproj", "{723E1845-8604-4F4C-9191-5DE701A6E7FD}"
EndProject
Project("{FAE04EC0-301F-11D3-BF4B-00C04F79EFBC}") = "Fanex.BetList.Keno.Test", "Fanex.BetList.Keno.Test\Fanex.BetList.Keno.Test.csproj", "{908F3CC0-809A-4FF3-8188-2FB4C81F29E7}"
EndProject
Project("{FAE04EC0-301F-11D3-BF4B-00C04F79EFBC}") = "Fanex.BetList.Racing.Test", "Fanex.BetList.Racing.Test\Fanex.BetList.Racing.Test.csproj", "{1AF032EE-6696-49F7-B2FE-3D0C7DA0269C}"
EndProject
Project("{FAE04EC0-301F-11D3-BF4B-00C04F79EFBC}") = "Fanex.BetList.P2P.Test", "Fanex.BetList.P2P.Test\Fanex.BetList.P2P.Test.csproj", "{AAFD2B6E-743B-40EF-8A5A-04E3F197C073}"
EndProject
Project("{FAE04EC0-301F-11D3-BF4B-00C04F79EFBC}") = "Fanex.BetList.LiveCasino.Test", "Fanex.BetList.LiveCasino.Test\Fanex.BetList.LiveCasino.Test.csproj", "{9A8518DF-F2AF-4078-BC80-2C74E22954EC}"
EndProject
Project("{FAE04EC0-301F-11D3-BF4B-00C04F79EFBC}") = "Fanex.BetList.Bingo.Test", "Fanex.BetList.Bingo.Test\Fanex.BetList.Bingo.Test.csproj", "{E3421217-8473-49CD-9099-85AEEF0E8928}"
EndProject
Global
	GlobalSection(SolutionConfigurationPlatforms) = preSolution
		Debug|Any CPU = Debug|Any CPU
		Debug|Mixed Platforms = Debug|Mixed Platforms
		Debug|x86 = Debug|x86
		Release|Any CPU = Release|Any CPU
		Release|Mixed Platforms = Release|Mixed Platforms
		Release|x86 = Release|x86
	EndGlobalSection
	GlobalSection(ProjectConfigurationPlatforms) = postSolution
		{B0838D04-2306-4362-AF22-9FCD0BE6F8E7}.Debug|Any CPU.ActiveCfg = Debug|Any CPU
		{B0838D04-2306-4362-AF22-9FCD0BE6F8E7}.Debug|Any CPU.Build.0 = Debug|Any CPU
		{B0838D04-2306-4362-AF22-9FCD0BE6F8E7}.Debug|Mixed Platforms.ActiveCfg = Debug|Any CPU
		{B0838D04-2306-4362-AF22-9FCD0BE6F8E7}.Debug|Mixed Platforms.Build.0 = Debug|Any CPU
		{B0838D04-2306-4362-AF22-9FCD0BE6F8E7}.Debug|x86.ActiveCfg = Debug|Any CPU
		{B0838D04-2306-4362-AF22-9FCD0BE6F8E7}.Release|Any CPU.ActiveCfg = Release|Any CPU
		{B0838D04-2306-4362-AF22-9FCD0BE6F8E7}.Release|Any CPU.Build.0 = Release|Any CPU
		{B0838D04-2306-4362-AF22-9FCD0BE6F8E7}.Release|Mixed Platforms.ActiveCfg = Debug|Any CPU
		{B0838D04-2306-4362-AF22-9FCD0BE6F8E7}.Release|Mixed Platforms.Build.0 = Debug|Any CPU
		{B0838D04-2306-4362-AF22-9FCD0BE6F8E7}.Release|x86.ActiveCfg = Release|Any CPU
		{CF75E712-CD28-42EF-A9F7-5DDE2B4E7BA8}.Debug|Any CPU.ActiveCfg = Debug|Any CPU
		{CF75E712-CD28-42EF-A9F7-5DDE2B4E7BA8}.Debug|Any CPU.Build.0 = Debug|Any CPU
		{CF75E712-CD28-42EF-A9F7-5DDE2B4E7BA8}.Debug|Mixed Platforms.ActiveCfg = Debug|Any CPU
		{CF75E712-CD28-42EF-A9F7-5DDE2B4E7BA8}.Debug|Mixed Platforms.Build.0 = Debug|Any CPU
		{CF75E712-CD28-42EF-A9F7-5DDE2B4E7BA8}.Debug|x86.ActiveCfg = Debug|Any CPU
		{CF75E712-CD28-42EF-A9F7-5DDE2B4E7BA8}.Release|Any CPU.ActiveCfg = Release|Any CPU
		{CF75E712-CD28-42EF-A9F7-5DDE2B4E7BA8}.Release|Any CPU.Build.0 = Release|Any CPU
		{CF75E712-CD28-42EF-A9F7-5DDE2B4E7BA8}.Release|Mixed Platforms.ActiveCfg = Debug|Any CPU
		{CF75E712-CD28-42EF-A9F7-5DDE2B4E7BA8}.Release|Mixed Platforms.Build.0 = Debug|Any CPU
		{CF75E712-CD28-42EF-A9F7-5DDE2B4E7BA8}.Release|x86.ActiveCfg = Release|Any CPU
		{8ACF58AD-9149-4D94-B2EB-996FA0E3F2DA}.Debug|Any CPU.ActiveCfg = Debug|Any CPU
		{8ACF58AD-9149-4D94-B2EB-996FA0E3F2DA}.Debug|Any CPU.Build.0 = Debug|Any CPU
		{8ACF58AD-9149-4D94-B2EB-996FA0E3F2DA}.Debug|Mixed Platforms.ActiveCfg = Debug|Any CPU
		{8ACF58AD-9149-4D94-B2EB-996FA0E3F2DA}.Debug|Mixed Platforms.Build.0 = Debug|Any CPU
		{8ACF58AD-9149-4D94-B2EB-996FA0E3F2DA}.Debug|x86.ActiveCfg = Debug|Any CPU
		{8ACF58AD-9149-4D94-B2EB-996FA0E3F2DA}.Release|Any CPU.ActiveCfg = Release|Any CPU
		{8ACF58AD-9149-4D94-B2EB-996FA0E3F2DA}.Release|Any CPU.Build.0 = Release|Any CPU
		{8ACF58AD-9149-4D94-B2EB-996FA0E3F2DA}.Release|Mixed Platforms.ActiveCfg = Debug|Any CPU
		{8ACF58AD-9149-4D94-B2EB-996FA0E3F2DA}.Release|Mixed Platforms.Build.0 = Debug|Any CPU
		{8ACF58AD-9149-4D94-B2EB-996FA0E3F2DA}.Release|x86.ActiveCfg = Release|Any CPU
		{C170087E-7A8F-4CBC-A0F7-F869DFFE48FD}.Debug|Any CPU.ActiveCfg = Debug|Any CPU
		{C170087E-7A8F-4CBC-A0F7-F869DFFE48FD}.Debug|Any CPU.Build.0 = Debug|Any CPU
		{C170087E-7A8F-4CBC-A0F7-F869DFFE48FD}.Debug|Mixed Platforms.ActiveCfg = Debug|Any CPU
		{C170087E-7A8F-4CBC-A0F7-F869DFFE48FD}.Debug|Mixed Platforms.Build.0 = Debug|Any CPU
		{C170087E-7A8F-4CBC-A0F7-F869DFFE48FD}.Debug|x86.ActiveCfg = Debug|Any CPU
		{C170087E-7A8F-4CBC-A0F7-F869DFFE48FD}.Release|Any CPU.ActiveCfg = Release|Any CPU
		{C170087E-7A8F-4CBC-A0F7-F869DFFE48FD}.Release|Any CPU.Build.0 = Release|Any CPU
		{C170087E-7A8F-4CBC-A0F7-F869DFFE48FD}.Release|Mixed Platforms.ActiveCfg = Debug|Any CPU
		{C170087E-7A8F-4CBC-A0F7-F869DFFE48FD}.Release|Mixed Platforms.Build.0 = Debug|Any CPU
		{C170087E-7A8F-4CBC-A0F7-F869DFFE48FD}.Release|x86.ActiveCfg = Release|Any CPU
		{879AB95E-FB73-4F65-BD8A-7E4F579BCFDB}.Debug|Any CPU.ActiveCfg = Debug|Any CPU
		{879AB95E-FB73-4F65-BD8A-7E4F579BCFDB}.Debug|Any CPU.Build.0 = Debug|Any CPU
		{879AB95E-FB73-4F65-BD8A-7E4F579BCFDB}.Debug|Mixed Platforms.ActiveCfg = Debug|Any CPU
		{879AB95E-FB73-4F65-BD8A-7E4F579BCFDB}.Debug|Mixed Platforms.Build.0 = Debug|Any CPU
		{879AB95E-FB73-4F65-BD8A-7E4F579BCFDB}.Debug|x86.ActiveCfg = Debug|Any CPU
		{879AB95E-FB73-4F65-BD8A-7E4F579BCFDB}.Release|Any CPU.ActiveCfg = Release|Any CPU
		{879AB95E-FB73-4F65-BD8A-7E4F579BCFDB}.Release|Any CPU.Build.0 = Release|Any CPU
		{879AB95E-FB73-4F65-BD8A-7E4F579BCFDB}.Release|Mixed Platforms.ActiveCfg = Debug|Any CPU
		{879AB95E-FB73-4F65-BD8A-7E4F579BCFDB}.Release|Mixed Platforms.Build.0 = Debug|Any CPU
		{879AB95E-FB73-4F65-BD8A-7E4F579BCFDB}.Release|x86.ActiveCfg = Release|Any CPU
		{9B786951-7D5C-42C4-A9DF-EC558BC44593}.Debug|Any CPU.ActiveCfg = Debug|Any CPU
		{9B786951-7D5C-42C4-A9DF-EC558BC44593}.Debug|Any CPU.Build.0 = Debug|Any CPU
		{9B786951-7D5C-42C4-A9DF-EC558BC44593}.Debug|Mixed Platforms.ActiveCfg = Release|Any CPU
		{9B786951-7D5C-42C4-A9DF-EC558BC44593}.Debug|Mixed Platforms.Build.0 = Release|Any CPU
		{9B786951-7D5C-42C4-A9DF-EC558BC44593}.Debug|x86.ActiveCfg = Debug|Any CPU
		{9B786951-7D5C-42C4-A9DF-EC558BC44593}.Release|Any CPU.ActiveCfg = Release|Any CPU
		{9B786951-7D5C-42C4-A9DF-EC558BC44593}.Release|Any CPU.Build.0 = Release|Any CPU
		{9B786951-7D5C-42C4-A9DF-EC558BC44593}.Release|Mixed Platforms.ActiveCfg = Release|Any CPU
		{9B786951-7D5C-42C4-A9DF-EC558BC44593}.Release|Mixed Platforms.Build.0 = Release|Any CPU
		{9B786951-7D5C-42C4-A9DF-EC558BC44593}.Release|x86.ActiveCfg = Release|Any CPU
		{79BF3FAB-6D1C-4DB7-9911-1B8880BC2E2E}.Debug|Any CPU.ActiveCfg = Debug|Any CPU
		{79BF3FAB-6D1C-4DB7-9911-1B8880BC2E2E}.Debug|Any CPU.Build.0 = Debug|Any CPU
		{79BF3FAB-6D1C-4DB7-9911-1B8880BC2E2E}.Debug|Mixed Platforms.ActiveCfg = Debug|Any CPU
		{79BF3FAB-6D1C-4DB7-9911-1B8880BC2E2E}.Debug|Mixed Platforms.Build.0 = Debug|Any CPU
		{79BF3FAB-6D1C-4DB7-9911-1B8880BC2E2E}.Debug|x86.ActiveCfg = Debug|Any CPU
		{79BF3FAB-6D1C-4DB7-9911-1B8880BC2E2E}.Release|Any CPU.ActiveCfg = Release|Any CPU
		{79BF3FAB-6D1C-4DB7-9911-1B8880BC2E2E}.Release|Any CPU.Build.0 = Release|Any CPU
		{79BF3FAB-6D1C-4DB7-9911-1B8880BC2E2E}.Release|Mixed Platforms.ActiveCfg = Release|Any CPU
		{79BF3FAB-6D1C-4DB7-9911-1B8880BC2E2E}.Release|Mixed Platforms.Build.0 = Release|Any CPU
		{79BF3FAB-6D1C-4DB7-9911-1B8880BC2E2E}.Release|x86.ActiveCfg = Release|Any CPU
		{054031E6-3E06-47D9-B3D1-B8A8E164E504}.Debug|Any CPU.ActiveCfg = Debug|Any CPU
		{054031E6-3E06-47D9-B3D1-B8A8E164E504}.Debug|Any CPU.Build.0 = Debug|Any CPU
		{054031E6-3E06-47D9-B3D1-B8A8E164E504}.Debug|Mixed Platforms.ActiveCfg = Release|Any CPU
		{054031E6-3E06-47D9-B3D1-B8A8E164E504}.Debug|Mixed Platforms.Build.0 = Release|Any CPU
		{054031E6-3E06-47D9-B3D1-B8A8E164E504}.Debug|x86.ActiveCfg = Debug|Any CPU
		{054031E6-3E06-47D9-B3D1-B8A8E164E504}.Release|Any CPU.ActiveCfg = Release|Any CPU
		{054031E6-3E06-47D9-B3D1-B8A8E164E504}.Release|Any CPU.Build.0 = Release|Any CPU
		{054031E6-3E06-47D9-B3D1-B8A8E164E504}.Release|Mixed Platforms.ActiveCfg = Release|Any CPU
		{054031E6-3E06-47D9-B3D1-B8A8E164E504}.Release|Mixed Platforms.Build.0 = Release|Any CPU
		{054031E6-3E06-47D9-B3D1-B8A8E164E504}.Release|x86.ActiveCfg = Release|Any CPU
		{899F860D-D9FC-4F83-9BF8-67B3C0D4EECD}.Debug|Any CPU.ActiveCfg = Debug|Any CPU
		{899F860D-D9FC-4F83-9BF8-67B3C0D4EECD}.Debug|Any CPU.Build.0 = Debug|Any CPU
		{899F860D-D9FC-4F83-9BF8-67B3C0D4EECD}.Debug|Mixed Platforms.ActiveCfg = Debug|Any CPU
		{899F860D-D9FC-4F83-9BF8-67B3C0D4EECD}.Debug|Mixed Platforms.Build.0 = Debug|Any CPU
		{899F860D-D9FC-4F83-9BF8-67B3C0D4EECD}.Debug|x86.ActiveCfg = Debug|Any CPU
		{899F860D-D9FC-4F83-9BF8-67B3C0D4EECD}.Release|Any CPU.ActiveCfg = Release|Any CPU
		{899F860D-D9FC-4F83-9BF8-67B3C0D4EECD}.Release|Any CPU.Build.0 = Release|Any CPU
		{899F860D-D9FC-4F83-9BF8-67B3C0D4EECD}.Release|Mixed Platforms.ActiveCfg = Release|Any CPU
		{899F860D-D9FC-4F83-9BF8-67B3C0D4EECD}.Release|Mixed Platforms.Build.0 = Release|Any CPU
		{899F860D-D9FC-4F83-9BF8-67B3C0D4EECD}.Release|x86.ActiveCfg = Release|Any CPU
		{FBFA63DF-5A51-4FFF-8535-AD0F5E723B64}.Debug|Any CPU.ActiveCfg = Debug|Any CPU
		{FBFA63DF-5A51-4FFF-8535-AD0F5E723B64}.Debug|Any CPU.Build.0 = Debug|Any CPU
		{FBFA63DF-5A51-4FFF-8535-AD0F5E723B64}.Debug|Mixed Platforms.ActiveCfg = Release|Any CPU
		{FBFA63DF-5A51-4FFF-8535-AD0F5E723B64}.Debug|Mixed Platforms.Build.0 = Release|Any CPU
		{FBFA63DF-5A51-4FFF-8535-AD0F5E723B64}.Debug|x86.ActiveCfg = Debug|Any CPU
		{FBFA63DF-5A51-4FFF-8535-AD0F5E723B64}.Release|Any CPU.ActiveCfg = Release|Any CPU
		{FBFA63DF-5A51-4FFF-8535-AD0F5E723B64}.Release|Any CPU.Build.0 = Release|Any CPU
		{FBFA63DF-5A51-4FFF-8535-AD0F5E723B64}.Release|Mixed Platforms.ActiveCfg = Release|Any CPU
		{FBFA63DF-5A51-4FFF-8535-AD0F5E723B64}.Release|Mixed Platforms.Build.0 = Release|Any CPU
		{FBFA63DF-5A51-4FFF-8535-AD0F5E723B64}.Release|x86.ActiveCfg = Release|Any CPU
		{73330D02-9B8F-43D3-A423-462218EDB486}.Debug|Any CPU.ActiveCfg = Debug|Any CPU
		{73330D02-9B8F-43D3-A423-462218EDB486}.Debug|Any CPU.Build.0 = Debug|Any CPU
		{73330D02-9B8F-43D3-A423-462218EDB486}.Debug|Mixed Platforms.ActiveCfg = Debug|Any CPU
		{73330D02-9B8F-43D3-A423-462218EDB486}.Debug|Mixed Platforms.Build.0 = Debug|Any CPU
		{73330D02-9B8F-43D3-A423-462218EDB486}.Debug|x86.ActiveCfg = Debug|Any CPU
		{73330D02-9B8F-43D3-A423-462218EDB486}.Release|Any CPU.ActiveCfg = Release|Any CPU
		{73330D02-9B8F-43D3-A423-462218EDB486}.Release|Any CPU.Build.0 = Release|Any CPU
		{73330D02-9B8F-43D3-A423-462218EDB486}.Release|Mixed Platforms.ActiveCfg = Release|Any CPU
		{73330D02-9B8F-43D3-A423-462218EDB486}.Release|Mixed Platforms.Build.0 = Release|Any CPU
		{73330D02-9B8F-43D3-A423-462218EDB486}.Release|x86.ActiveCfg = Release|Any CPU
		{386BF8AA-7EE2-46BB-AECC-6CD829671881}.Debug|Any CPU.ActiveCfg = Debug|Any CPU
		{386BF8AA-7EE2-46BB-AECC-6CD829671881}.Debug|Any CPU.Build.0 = Debug|Any CPU
		{386BF8AA-7EE2-46BB-AECC-6CD829671881}.Debug|Mixed Platforms.ActiveCfg = Release|Any CPU
		{386BF8AA-7EE2-46BB-AECC-6CD829671881}.Debug|Mixed Platforms.Build.0 = Release|Any CPU
		{386BF8AA-7EE2-46BB-AECC-6CD829671881}.Debug|x86.ActiveCfg = Debug|Any CPU
		{386BF8AA-7EE2-46BB-AECC-6CD829671881}.Release|Any CPU.ActiveCfg = Release|Any CPU
		{386BF8AA-7EE2-46BB-AECC-6CD829671881}.Release|Any CPU.Build.0 = Release|Any CPU
		{386BF8AA-7EE2-46BB-AECC-6CD829671881}.Release|Mixed Platforms.ActiveCfg = Release|Any CPU
		{386BF8AA-7EE2-46BB-AECC-6CD829671881}.Release|Mixed Platforms.Build.0 = Release|Any CPU
		{386BF8AA-7EE2-46BB-AECC-6CD829671881}.Release|x86.ActiveCfg = Release|Any CPU
		{325D1BA4-98B0-47EC-A42D-6375C940ADF9}.Debug|Any CPU.ActiveCfg = Debug|Any CPU
		{325D1BA4-98B0-47EC-A42D-6375C940ADF9}.Debug|Any CPU.Build.0 = Debug|Any CPU
		{325D1BA4-98B0-47EC-A42D-6375C940ADF9}.Debug|Mixed Platforms.ActiveCfg = Debug|Any CPU
		{325D1BA4-98B0-47EC-A42D-6375C940ADF9}.Debug|Mixed Platforms.Build.0 = Debug|Any CPU
		{325D1BA4-98B0-47EC-A42D-6375C940ADF9}.Debug|x86.ActiveCfg = Debug|Any CPU
		{325D1BA4-98B0-47EC-A42D-6375C940ADF9}.Release|Any CPU.ActiveCfg = Release|Any CPU
		{325D1BA4-98B0-47EC-A42D-6375C940ADF9}.Release|Any CPU.Build.0 = Release|Any CPU
		{325D1BA4-98B0-47EC-A42D-6375C940ADF9}.Release|Mixed Platforms.ActiveCfg = Release|Any CPU
		{325D1BA4-98B0-47EC-A42D-6375C940ADF9}.Release|Mixed Platforms.Build.0 = Release|Any CPU
		{325D1BA4-98B0-47EC-A42D-6375C940ADF9}.Release|x86.ActiveCfg = Release|Any CPU
		{A757A8FC-9989-4945-8319-74A02A2E7D2D}.Debug|Any CPU.ActiveCfg = Debug|Any CPU
		{A757A8FC-9989-4945-8319-74A02A2E7D2D}.Debug|Any CPU.Build.0 = Debug|Any CPU
		{A757A8FC-9989-4945-8319-74A02A2E7D2D}.Debug|Mixed Platforms.ActiveCfg = Release|Any CPU
		{A757A8FC-9989-4945-8319-74A02A2E7D2D}.Debug|Mixed Platforms.Build.0 = Release|Any CPU
		{A757A8FC-9989-4945-8319-74A02A2E7D2D}.Debug|x86.ActiveCfg = Debug|Any CPU
		{A757A8FC-9989-4945-8319-74A02A2E7D2D}.Release|Any CPU.ActiveCfg = Release|Any CPU
		{A757A8FC-9989-4945-8319-74A02A2E7D2D}.Release|Any CPU.Build.0 = Release|Any CPU
		{A757A8FC-9989-4945-8319-74A02A2E7D2D}.Release|Mixed Platforms.ActiveCfg = Release|Any CPU
		{A757A8FC-9989-4945-8319-74A02A2E7D2D}.Release|Mixed Platforms.Build.0 = Release|Any CPU
		{A757A8FC-9989-4945-8319-74A02A2E7D2D}.Release|x86.ActiveCfg = Release|Any CPU
		{12850D10-2DA6-4275-8EE1-0AA4D6FB7AB7}.Debug|Any CPU.ActiveCfg = Debug|Any CPU
		{12850D10-2DA6-4275-8EE1-0AA4D6FB7AB7}.Debug|Any CPU.Build.0 = Debug|Any CPU
		{12850D10-2DA6-4275-8EE1-0AA4D6FB7AB7}.Debug|Mixed Platforms.ActiveCfg = Debug|Any CPU
		{12850D10-2DA6-4275-8EE1-0AA4D6FB7AB7}.Debug|Mixed Platforms.Build.0 = Debug|Any CPU
		{12850D10-2DA6-4275-8EE1-0AA4D6FB7AB7}.Debug|x86.ActiveCfg = Debug|Any CPU
		{12850D10-2DA6-4275-8EE1-0AA4D6FB7AB7}.Release|Any CPU.ActiveCfg = Release|Any CPU
		{12850D10-2DA6-4275-8EE1-0AA4D6FB7AB7}.Release|Any CPU.Build.0 = Release|Any CPU
		{12850D10-2DA6-4275-8EE1-0AA4D6FB7AB7}.Release|Mixed Platforms.ActiveCfg = Release|Any CPU
		{12850D10-2DA6-4275-8EE1-0AA4D6FB7AB7}.Release|Mixed Platforms.Build.0 = Release|Any CPU
		{12850D10-2DA6-4275-8EE1-0AA4D6FB7AB7}.Release|x86.ActiveCfg = Release|Any CPU
		{89B48C7F-9EA2-40CF-879C-5509555D3B1D}.Debug|Any CPU.ActiveCfg = Debug|Any CPU
		{89B48C7F-9EA2-40CF-879C-5509555D3B1D}.Debug|Any CPU.Build.0 = Debug|Any CPU
		{89B48C7F-9EA2-40CF-879C-5509555D3B1D}.Debug|Mixed Platforms.ActiveCfg = Release|Any CPU
		{89B48C7F-9EA2-40CF-879C-5509555D3B1D}.Debug|Mixed Platforms.Build.0 = Release|Any CPU
		{89B48C7F-9EA2-40CF-879C-5509555D3B1D}.Debug|x86.ActiveCfg = Debug|Any CPU
		{89B48C7F-9EA2-40CF-879C-5509555D3B1D}.Release|Any CPU.ActiveCfg = Release|Any CPU
		{89B48C7F-9EA2-40CF-879C-5509555D3B1D}.Release|Any CPU.Build.0 = Release|Any CPU
		{89B48C7F-9EA2-40CF-879C-5509555D3B1D}.Release|Mixed Platforms.ActiveCfg = Release|Any CPU
		{89B48C7F-9EA2-40CF-879C-5509555D3B1D}.Release|Mixed Platforms.Build.0 = Release|Any CPU
		{89B48C7F-9EA2-40CF-879C-5509555D3B1D}.Release|x86.ActiveCfg = Release|Any CPU
		{BDBF564A-45AB-419D-800C-BFAAC949FDE3}.Debug|Any CPU.ActiveCfg = Debug|Any CPU
		{BDBF564A-45AB-419D-800C-BFAAC949FDE3}.Debug|Any CPU.Build.0 = Debug|Any CPU
		{BDBF564A-45AB-419D-800C-BFAAC949FDE3}.Debug|Mixed Platforms.ActiveCfg = Debug|Any CPU
		{BDBF564A-45AB-419D-800C-BFAAC949FDE3}.Debug|Mixed Platforms.Build.0 = Debug|Any CPU
		{BDBF564A-45AB-419D-800C-BFAAC949FDE3}.Debug|x86.ActiveCfg = Debug|Any CPU
		{BDBF564A-45AB-419D-800C-BFAAC949FDE3}.Release|Any CPU.ActiveCfg = Release|Any CPU
		{BDBF564A-45AB-419D-800C-BFAAC949FDE3}.Release|Any CPU.Build.0 = Release|Any CPU
		{BDBF564A-45AB-419D-800C-BFAAC949FDE3}.Release|Mixed Platforms.ActiveCfg = Release|Any CPU
		{BDBF564A-45AB-419D-800C-BFAAC949FDE3}.Release|Mixed Platforms.Build.0 = Release|Any CPU
		{BDBF564A-45AB-419D-800C-BFAAC949FDE3}.Release|x86.ActiveCfg = Release|Any CPU
		{C18E1369-66C3-4A87-82BF-10E13E6CC2A0}.Debug|Any CPU.ActiveCfg = Debug|Any CPU
		{C18E1369-66C3-4A87-82BF-10E13E6CC2A0}.Debug|Any CPU.Build.0 = Debug|Any CPU
		{C18E1369-66C3-4A87-82BF-10E13E6CC2A0}.Debug|Mixed Platforms.ActiveCfg = Release|Any CPU
		{C18E1369-66C3-4A87-82BF-10E13E6CC2A0}.Debug|Mixed Platforms.Build.0 = Release|Any CPU
		{C18E1369-66C3-4A87-82BF-10E13E6CC2A0}.Debug|x86.ActiveCfg = Debug|Any CPU
		{C18E1369-66C3-4A87-82BF-10E13E6CC2A0}.Release|Any CPU.ActiveCfg = Release|Any CPU
		{C18E1369-66C3-4A87-82BF-10E13E6CC2A0}.Release|Any CPU.Build.0 = Release|Any CPU
		{C18E1369-66C3-4A87-82BF-10E13E6CC2A0}.Release|Mixed Platforms.ActiveCfg = Release|Any CPU
		{C18E1369-66C3-4A87-82BF-10E13E6CC2A0}.Release|Mixed Platforms.Build.0 = Release|Any CPU
		{C18E1369-66C3-4A87-82BF-10E13E6CC2A0}.Release|x86.ActiveCfg = Release|Any CPU
		{CCFDFB42-5C2C-4F2E-A417-C6A1E015275B}.Debug|Any CPU.ActiveCfg = Debug|Any CPU
		{CCFDFB42-5C2C-4F2E-A417-C6A1E015275B}.Debug|Any CPU.Build.0 = Debug|Any CPU
		{CCFDFB42-5C2C-4F2E-A417-C6A1E015275B}.Debug|Mixed Platforms.ActiveCfg = Debug|Any CPU
		{CCFDFB42-5C2C-4F2E-A417-C6A1E015275B}.Debug|Mixed Platforms.Build.0 = Debug|Any CPU
		{CCFDFB42-5C2C-4F2E-A417-C6A1E015275B}.Debug|x86.ActiveCfg = Debug|Any CPU
		{CCFDFB42-5C2C-4F2E-A417-C6A1E015275B}.Release|Any CPU.ActiveCfg = Release|Any CPU
		{CCFDFB42-5C2C-4F2E-A417-C6A1E015275B}.Release|Any CPU.Build.0 = Release|Any CPU
		{CCFDFB42-5C2C-4F2E-A417-C6A1E015275B}.Release|Mixed Platforms.ActiveCfg = Release|Any CPU
		{CCFDFB42-5C2C-4F2E-A417-C6A1E015275B}.Release|Mixed Platforms.Build.0 = Release|Any CPU
		{CCFDFB42-5C2C-4F2E-A417-C6A1E015275B}.Release|x86.ActiveCfg = Release|Any CPU
		{5A3E7893-910A-48A7-9582-58A864068CA8}.Debug|Any CPU.ActiveCfg = Debug|Any CPU
		{5A3E7893-910A-48A7-9582-58A864068CA8}.Debug|Any CPU.Build.0 = Debug|Any CPU
		{5A3E7893-910A-48A7-9582-58A864068CA8}.Debug|Mixed Platforms.ActiveCfg = Release|Any CPU
		{5A3E7893-910A-48A7-9582-58A864068CA8}.Debug|Mixed Platforms.Build.0 = Release|Any CPU
		{5A3E7893-910A-48A7-9582-58A864068CA8}.Debug|x86.ActiveCfg = Debug|Any CPU
		{5A3E7893-910A-48A7-9582-58A864068CA8}.Release|Any CPU.ActiveCfg = Release|Any CPU
		{5A3E7893-910A-48A7-9582-58A864068CA8}.Release|Any CPU.Build.0 = Release|Any CPU
		{5A3E7893-910A-48A7-9582-58A864068CA8}.Release|Mixed Platforms.ActiveCfg = Release|Any CPU
		{5A3E7893-910A-48A7-9582-58A864068CA8}.Release|Mixed Platforms.Build.0 = Release|Any CPU
		{5A3E7893-910A-48A7-9582-58A864068CA8}.Release|x86.ActiveCfg = Release|Any CPU
		{9EA9FE4A-AC19-4FF5-908F-54A7831B41EE}.Debug|Any CPU.ActiveCfg = Debug|Any CPU
		{9EA9FE4A-AC19-4FF5-908F-54A7831B41EE}.Debug|Any CPU.Build.0 = Debug|Any CPU
		{9EA9FE4A-AC19-4FF5-908F-54A7831B41EE}.Debug|Mixed Platforms.ActiveCfg = Debug|Any CPU
		{9EA9FE4A-AC19-4FF5-908F-54A7831B41EE}.Debug|Mixed Platforms.Build.0 = Debug|Any CPU
		{9EA9FE4A-AC19-4FF5-908F-54A7831B41EE}.Debug|x86.ActiveCfg = Debug|Any CPU
		{9EA9FE4A-AC19-4FF5-908F-54A7831B41EE}.Debug|x86.Build.0 = Debug|Any CPU
		{9EA9FE4A-AC19-4FF5-908F-54A7831B41EE}.Release|Any CPU.ActiveCfg = Release|Any CPU
		{9EA9FE4A-AC19-4FF5-908F-54A7831B41EE}.Release|Any CPU.Build.0 = Release|Any CPU
		{9EA9FE4A-AC19-4FF5-908F-54A7831B41EE}.Release|Mixed Platforms.ActiveCfg = Release|Any CPU
		{9EA9FE4A-AC19-4FF5-908F-54A7831B41EE}.Release|Mixed Platforms.Build.0 = Release|Any CPU
		{9EA9FE4A-AC19-4FF5-908F-54A7831B41EE}.Release|x86.ActiveCfg = Release|Any CPU
		{9EA9FE4A-AC19-4FF5-908F-54A7831B41EE}.Release|x86.Build.0 = Release|Any CPU
		{EBA573AD-BD41-47A3-A3A9-171E88CDD564}.Debug|Any CPU.ActiveCfg = Debug|Any CPU
		{EBA573AD-BD41-47A3-A3A9-171E88CDD564}.Debug|Any CPU.Build.0 = Debug|Any CPU
		{EBA573AD-BD41-47A3-A3A9-171E88CDD564}.Debug|Mixed Platforms.ActiveCfg = Debug|Any CPU
		{EBA573AD-BD41-47A3-A3A9-171E88CDD564}.Debug|Mixed Platforms.Build.0 = Debug|Any CPU
		{EBA573AD-BD41-47A3-A3A9-171E88CDD564}.Debug|x86.ActiveCfg = Debug|Any CPU
		{EBA573AD-BD41-47A3-A3A9-171E88CDD564}.Release|Any CPU.ActiveCfg = Release|Any CPU
		{EBA573AD-BD41-47A3-A3A9-171E88CDD564}.Release|Any CPU.Build.0 = Release|Any CPU
		{EBA573AD-BD41-47A3-A3A9-171E88CDD564}.Release|Mixed Platforms.ActiveCfg = Release|Any CPU
		{EBA573AD-BD41-47A3-A3A9-171E88CDD564}.Release|Mixed Platforms.Build.0 = Release|Any CPU
		{EBA573AD-BD41-47A3-A3A9-171E88CDD564}.Release|x86.ActiveCfg = Release|Any CPU
		{876CB197-8526-46D7-8E91-3348BE81A404}.Debug|Any CPU.ActiveCfg = Debug|Any CPU
		{876CB197-8526-46D7-8E91-3348BE81A404}.Debug|Any CPU.Build.0 = Debug|Any CPU
		{876CB197-8526-46D7-8E91-3348BE81A404}.Debug|Mixed Platforms.ActiveCfg = Debug|Any CPU
		{876CB197-8526-46D7-8E91-3348BE81A404}.Debug|Mixed Platforms.Build.0 = Debug|Any CPU
		{876CB197-8526-46D7-8E91-3348BE81A404}.Debug|x86.ActiveCfg = Debug|Any CPU
		{876CB197-8526-46D7-8E91-3348BE81A404}.Debug|x86.Build.0 = Debug|Any CPU
		{876CB197-8526-46D7-8E91-3348BE81A404}.Release|Any CPU.ActiveCfg = Release|Any CPU
		{876CB197-8526-46D7-8E91-3348BE81A404}.Release|Any CPU.Build.0 = Release|Any CPU
		{876CB197-8526-46D7-8E91-3348BE81A404}.Release|Mixed Platforms.ActiveCfg = Release|Any CPU
		{876CB197-8526-46D7-8E91-3348BE81A404}.Release|Mixed Platforms.Build.0 = Release|Any CPU
		{876CB197-8526-46D7-8E91-3348BE81A404}.Release|x86.ActiveCfg = Release|Any CPU
		{876CB197-8526-46D7-8E91-3348BE81A404}.Release|x86.Build.0 = Release|Any CPU
		{DE35490A-102D-4BF9-9D19-6B69F527435E}.Debug|Any CPU.ActiveCfg = Debug|Any CPU
		{DE35490A-102D-4BF9-9D19-6B69F527435E}.Debug|Any CPU.Build.0 = Debug|Any CPU
		{DE35490A-102D-4BF9-9D19-6B69F527435E}.Debug|Mixed Platforms.ActiveCfg = Debug|Any CPU
		{DE35490A-102D-4BF9-9D19-6B69F527435E}.Debug|Mixed Platforms.Build.0 = Debug|Any CPU
		{DE35490A-102D-4BF9-9D19-6B69F527435E}.Debug|x86.ActiveCfg = Debug|Any CPU
		{DE35490A-102D-4BF9-9D19-6B69F527435E}.Debug|x86.Build.0 = Debug|Any CPU
		{DE35490A-102D-4BF9-9D19-6B69F527435E}.Release|Any CPU.ActiveCfg = Release|Any CPU
		{DE35490A-102D-4BF9-9D19-6B69F527435E}.Release|Any CPU.Build.0 = Release|Any CPU
		{DE35490A-102D-4BF9-9D19-6B69F527435E}.Release|Mixed Platforms.ActiveCfg = Release|Any CPU
		{DE35490A-102D-4BF9-9D19-6B69F527435E}.Release|Mixed Platforms.Build.0 = Release|Any CPU
		{DE35490A-102D-4BF9-9D19-6B69F527435E}.Release|x86.ActiveCfg = Release|Any CPU
		{DE35490A-102D-4BF9-9D19-6B69F527435E}.Release|x86.Build.0 = Release|Any CPU
		{627582B7-A84E-44E3-90C0-BBF9553B20B3}.Debug|Any CPU.ActiveCfg = Debug|Any CPU
		{627582B7-A84E-44E3-90C0-BBF9553B20B3}.Debug|Any CPU.Build.0 = Debug|Any CPU
		{627582B7-A84E-44E3-90C0-BBF9553B20B3}.Debug|Mixed Platforms.ActiveCfg = Debug|Any CPU
		{627582B7-A84E-44E3-90C0-BBF9553B20B3}.Debug|Mixed Platforms.Build.0 = Debug|Any CPU
		{627582B7-A84E-44E3-90C0-BBF9553B20B3}.Debug|x86.ActiveCfg = Debug|Any CPU
		{627582B7-A84E-44E3-90C0-BBF9553B20B3}.Debug|x86.Build.0 = Debug|Any CPU
		{627582B7-A84E-44E3-90C0-BBF9553B20B3}.Release|Any CPU.ActiveCfg = Release|Any CPU
		{627582B7-A84E-44E3-90C0-BBF9553B20B3}.Release|Any CPU.Build.0 = Release|Any CPU
		{627582B7-A84E-44E3-90C0-BBF9553B20B3}.Release|Mixed Platforms.ActiveCfg = Release|Any CPU
		{627582B7-A84E-44E3-90C0-BBF9553B20B3}.Release|Mixed Platforms.Build.0 = Release|Any CPU
		{627582B7-A84E-44E3-90C0-BBF9553B20B3}.Release|x86.ActiveCfg = Release|Any CPU
		{627582B7-A84E-44E3-90C0-BBF9553B20B3}.Release|x86.Build.0 = Release|Any CPU
		{AAE2BDAA-FE79-4F8D-BF1A-5923405E865C}.Debug|Any CPU.ActiveCfg = Debug|Any CPU
		{AAE2BDAA-FE79-4F8D-BF1A-5923405E865C}.Debug|Any CPU.Build.0 = Debug|Any CPU
		{AAE2BDAA-FE79-4F8D-BF1A-5923405E865C}.Debug|Mixed Platforms.ActiveCfg = Debug|Any CPU
		{AAE2BDAA-FE79-4F8D-BF1A-5923405E865C}.Debug|Mixed Platforms.Build.0 = Debug|Any CPU
		{AAE2BDAA-FE79-4F8D-BF1A-5923405E865C}.Debug|x86.ActiveCfg = Debug|Any CPU
		{AAE2BDAA-FE79-4F8D-BF1A-5923405E865C}.Debug|x86.Build.0 = Debug|Any CPU
		{AAE2BDAA-FE79-4F8D-BF1A-5923405E865C}.Release|Any CPU.ActiveCfg = Release|Any CPU
		{AAE2BDAA-FE79-4F8D-BF1A-5923405E865C}.Release|Any CPU.Build.0 = Release|Any CPU
		{AAE2BDAA-FE79-4F8D-BF1A-5923405E865C}.Release|Mixed Platforms.ActiveCfg = Release|Any CPU
		{AAE2BDAA-FE79-4F8D-BF1A-5923405E865C}.Release|Mixed Platforms.Build.0 = Release|Any CPU
		{AAE2BDAA-FE79-4F8D-BF1A-5923405E865C}.Release|x86.ActiveCfg = Release|Any CPU
		{AAE2BDAA-FE79-4F8D-BF1A-5923405E865C}.Release|x86.Build.0 = Release|Any CPU
		{7B0D11F6-87D8-4DD9-A764-5D2A28169C8A}.Debug|Any CPU.ActiveCfg = Debug|Any CPU
		{7B0D11F6-87D8-4DD9-A764-5D2A28169C8A}.Debug|Any CPU.Build.0 = Debug|Any CPU
		{7B0D11F6-87D8-4DD9-A764-5D2A28169C8A}.Debug|Mixed Platforms.ActiveCfg = Debug|Any CPU
		{7B0D11F6-87D8-4DD9-A764-5D2A28169C8A}.Debug|Mixed Platforms.Build.0 = Debug|Any CPU
		{7B0D11F6-87D8-4DD9-A764-5D2A28169C8A}.Debug|x86.ActiveCfg = Debug|Any CPU
		{7B0D11F6-87D8-4DD9-A764-5D2A28169C8A}.Debug|x86.Build.0 = Debug|Any CPU
		{7B0D11F6-87D8-4DD9-A764-5D2A28169C8A}.Release|Any CPU.ActiveCfg = Release|Any CPU
		{7B0D11F6-87D8-4DD9-A764-5D2A28169C8A}.Release|Any CPU.Build.0 = Release|Any CPU
		{7B0D11F6-87D8-4DD9-A764-5D2A28169C8A}.Release|Mixed Platforms.ActiveCfg = Release|Any CPU
		{7B0D11F6-87D8-4DD9-A764-5D2A28169C8A}.Release|Mixed Platforms.Build.0 = Release|Any CPU
		{7B0D11F6-87D8-4DD9-A764-5D2A28169C8A}.Release|x86.ActiveCfg = Release|Any CPU
		{7B0D11F6-87D8-4DD9-A764-5D2A28169C8A}.Release|x86.Build.0 = Release|Any CPU
		{2BA9C14E-EA28-4BBD-96C8-AD64102A35F7}.Debug|Any CPU.ActiveCfg = Debug|Any CPU
		{2BA9C14E-EA28-4BBD-96C8-AD64102A35F7}.Debug|Any CPU.Build.0 = Debug|Any CPU
		{2BA9C14E-EA28-4BBD-96C8-AD64102A35F7}.Debug|Mixed Platforms.ActiveCfg = Debug|Any CPU
		{2BA9C14E-EA28-4BBD-96C8-AD64102A35F7}.Debug|Mixed Platforms.Build.0 = Debug|Any CPU
		{2BA9C14E-EA28-4BBD-96C8-AD64102A35F7}.Debug|x86.ActiveCfg = Debug|Any CPU
		{2BA9C14E-EA28-4BBD-96C8-AD64102A35F7}.Debug|x86.Build.0 = Debug|Any CPU
		{2BA9C14E-EA28-4BBD-96C8-AD64102A35F7}.Release|Any CPU.ActiveCfg = Release|Any CPU
		{2BA9C14E-EA28-4BBD-96C8-AD64102A35F7}.Release|Any CPU.Build.0 = Release|Any CPU
		{2BA9C14E-EA28-4BBD-96C8-AD64102A35F7}.Release|Mixed Platforms.ActiveCfg = Release|Any CPU
		{2BA9C14E-EA28-4BBD-96C8-AD64102A35F7}.Release|Mixed Platforms.Build.0 = Release|Any CPU
		{2BA9C14E-EA28-4BBD-96C8-AD64102A35F7}.Release|x86.ActiveCfg = Release|Any CPU
		{2BA9C14E-EA28-4BBD-96C8-AD64102A35F7}.Release|x86.Build.0 = Release|Any CPU
		{482D454D-50E7-4865-A15E-CE786C256E89}.Debug|Any CPU.ActiveCfg = Debug|Any CPU
		{482D454D-50E7-4865-A15E-CE786C256E89}.Debug|Any CPU.Build.0 = Debug|Any CPU
		{482D454D-50E7-4865-A15E-CE786C256E89}.Debug|Mixed Platforms.ActiveCfg = Debug|Any CPU
		{482D454D-50E7-4865-A15E-CE786C256E89}.Debug|Mixed Platforms.Build.0 = Debug|Any CPU
		{482D454D-50E7-4865-A15E-CE786C256E89}.Debug|x86.ActiveCfg = Debug|Any CPU
		{482D454D-50E7-4865-A15E-CE786C256E89}.Debug|x86.Build.0 = Debug|Any CPU
		{482D454D-50E7-4865-A15E-CE786C256E89}.Release|Any CPU.ActiveCfg = Release|Any CPU
		{482D454D-50E7-4865-A15E-CE786C256E89}.Release|Any CPU.Build.0 = Release|Any CPU
		{482D454D-50E7-4865-A15E-CE786C256E89}.Release|Mixed Platforms.ActiveCfg = Release|Any CPU
		{482D454D-50E7-4865-A15E-CE786C256E89}.Release|Mixed Platforms.Build.0 = Release|Any CPU
		{482D454D-50E7-4865-A15E-CE786C256E89}.Release|x86.ActiveCfg = Release|Any CPU
		{482D454D-50E7-4865-A15E-CE786C256E89}.Release|x86.Build.0 = Release|Any CPU
		{1A349F42-3ADD-4D2E-BD47-F34026B827DA}.Debug|Any CPU.ActiveCfg = Debug|Any CPU
		{1A349F42-3ADD-4D2E-BD47-F34026B827DA}.Debug|Any CPU.Build.0 = Debug|Any CPU
		{1A349F42-3ADD-4D2E-BD47-F34026B827DA}.Debug|Mixed Platforms.ActiveCfg = Debug|Any CPU
		{1A349F42-3ADD-4D2E-BD47-F34026B827DA}.Debug|Mixed Platforms.Build.0 = Debug|Any CPU
		{1A349F42-3ADD-4D2E-BD47-F34026B827DA}.Debug|x86.ActiveCfg = Debug|Any CPU
		{1A349F42-3ADD-4D2E-BD47-F34026B827DA}.Debug|x86.Build.0 = Debug|Any CPU
		{1A349F42-3ADD-4D2E-BD47-F34026B827DA}.Release|Any CPU.ActiveCfg = Release|Any CPU
		{1A349F42-3ADD-4D2E-BD47-F34026B827DA}.Release|Any CPU.Build.0 = Release|Any CPU
		{1A349F42-3ADD-4D2E-BD47-F34026B827DA}.Release|Mixed Platforms.ActiveCfg = Release|Any CPU
		{1A349F42-3ADD-4D2E-BD47-F34026B827DA}.Release|Mixed Platforms.Build.0 = Release|Any CPU
		{1A349F42-3ADD-4D2E-BD47-F34026B827DA}.Release|x86.ActiveCfg = Release|Any CPU
		{1A349F42-3ADD-4D2E-BD47-F34026B827DA}.Release|x86.Build.0 = Release|Any CPU
		{402EA8B6-745A-4CE9-B034-8D994B6E13E5}.Debug|Any CPU.ActiveCfg = Debug|Any CPU
		{402EA8B6-745A-4CE9-B034-8D994B6E13E5}.Debug|Any CPU.Build.0 = Debug|Any CPU
		{402EA8B6-745A-4CE9-B034-8D994B6E13E5}.Debug|Mixed Platforms.ActiveCfg = Debug|Any CPU
		{402EA8B6-745A-4CE9-B034-8D994B6E13E5}.Debug|Mixed Platforms.Build.0 = Debug|Any CPU
		{402EA8B6-745A-4CE9-B034-8D994B6E13E5}.Debug|x86.ActiveCfg = Debug|Any CPU
		{402EA8B6-745A-4CE9-B034-8D994B6E13E5}.Debug|x86.Build.0 = Debug|Any CPU
		{402EA8B6-745A-4CE9-B034-8D994B6E13E5}.Release|Any CPU.ActiveCfg = Release|Any CPU
		{402EA8B6-745A-4CE9-B034-8D994B6E13E5}.Release|Any CPU.Build.0 = Release|Any CPU
		{402EA8B6-745A-4CE9-B034-8D994B6E13E5}.Release|Mixed Platforms.ActiveCfg = Release|Any CPU
		{402EA8B6-745A-4CE9-B034-8D994B6E13E5}.Release|Mixed Platforms.Build.0 = Release|Any CPU
		{402EA8B6-745A-4CE9-B034-8D994B6E13E5}.Release|x86.ActiveCfg = Release|Any CPU
		{402EA8B6-745A-4CE9-B034-8D994B6E13E5}.Release|x86.Build.0 = Release|Any CPU
		{EAD41C3C-2383-490D-B3CA-B8B5EF9AA192}.Debug|Any CPU.ActiveCfg = Debug|Any CPU
		{EAD41C3C-2383-490D-B3CA-B8B5EF9AA192}.Debug|Any CPU.Build.0 = Debug|Any CPU
		{EAD41C3C-2383-490D-B3CA-B8B5EF9AA192}.Debug|Mixed Platforms.ActiveCfg = Debug|Any CPU
		{EAD41C3C-2383-490D-B3CA-B8B5EF9AA192}.Debug|Mixed Platforms.Build.0 = Debug|Any CPU
		{EAD41C3C-2383-490D-B3CA-B8B5EF9AA192}.Debug|x86.ActiveCfg = Debug|Any CPU
		{EAD41C3C-2383-490D-B3CA-B8B5EF9AA192}.Debug|x86.Build.0 = Debug|Any CPU
		{EAD41C3C-2383-490D-B3CA-B8B5EF9AA192}.Release|Any CPU.ActiveCfg = Release|Any CPU
		{EAD41C3C-2383-490D-B3CA-B8B5EF9AA192}.Release|Any CPU.Build.0 = Release|Any CPU
		{EAD41C3C-2383-490D-B3CA-B8B5EF9AA192}.Release|Mixed Platforms.ActiveCfg = Release|Any CPU
		{EAD41C3C-2383-490D-B3CA-B8B5EF9AA192}.Release|Mixed Platforms.Build.0 = Release|Any CPU
		{EAD41C3C-2383-490D-B3CA-B8B5EF9AA192}.Release|x86.ActiveCfg = Release|Any CPU
		{EAD41C3C-2383-490D-B3CA-B8B5EF9AA192}.Release|x86.Build.0 = Release|Any CPU
		{723E1845-8604-4F4C-9191-5DE701A6E7FD}.Debug|Any CPU.ActiveCfg = Debug|Any CPU
		{723E1845-8604-4F4C-9191-5DE701A6E7FD}.Debug|Any CPU.Build.0 = Debug|Any CPU
		{723E1845-8604-4F4C-9191-5DE701A6E7FD}.Debug|Mixed Platforms.ActiveCfg = Debug|Any CPU
		{723E1845-8604-4F4C-9191-5DE701A6E7FD}.Debug|Mixed Platforms.Build.0 = Debug|Any CPU
		{723E1845-8604-4F4C-9191-5DE701A6E7FD}.Debug|x86.ActiveCfg = Debug|Any CPU
		{723E1845-8604-4F4C-9191-5DE701A6E7FD}.Debug|x86.Build.0 = Debug|Any CPU
		{723E1845-8604-4F4C-9191-5DE701A6E7FD}.Release|Any CPU.ActiveCfg = Release|Any CPU
		{723E1845-8604-4F4C-9191-5DE701A6E7FD}.Release|Any CPU.Build.0 = Release|Any CPU
		{723E1845-8604-4F4C-9191-5DE701A6E7FD}.Release|Mixed Platforms.ActiveCfg = Release|Any CPU
		{723E1845-8604-4F4C-9191-5DE701A6E7FD}.Release|Mixed Platforms.Build.0 = Release|Any CPU
		{723E1845-8604-4F4C-9191-5DE701A6E7FD}.Release|x86.ActiveCfg = Release|Any CPU
		{723E1845-8604-4F4C-9191-5DE701A6E7FD}.Release|x86.Build.0 = Release|Any CPU
		{908F3CC0-809A-4FF3-8188-2FB4C81F29E7}.Debug|Any CPU.ActiveCfg = Debug|Any CPU
		{908F3CC0-809A-4FF3-8188-2FB4C81F29E7}.Debug|Any CPU.Build.0 = Debug|Any CPU
		{908F3CC0-809A-4FF3-8188-2FB4C81F29E7}.Debug|Mixed Platforms.ActiveCfg = Debug|Any CPU
		{908F3CC0-809A-4FF3-8188-2FB4C81F29E7}.Debug|Mixed Platforms.Build.0 = Debug|Any CPU
		{908F3CC0-809A-4FF3-8188-2FB4C81F29E7}.Debug|x86.ActiveCfg = Debug|Any CPU
		{908F3CC0-809A-4FF3-8188-2FB4C81F29E7}.Debug|x86.Build.0 = Debug|Any CPU
		{908F3CC0-809A-4FF3-8188-2FB4C81F29E7}.Release|Any CPU.ActiveCfg = Release|Any CPU
		{908F3CC0-809A-4FF3-8188-2FB4C81F29E7}.Release|Any CPU.Build.0 = Release|Any CPU
		{908F3CC0-809A-4FF3-8188-2FB4C81F29E7}.Release|Mixed Platforms.ActiveCfg = Release|Any CPU
		{908F3CC0-809A-4FF3-8188-2FB4C81F29E7}.Release|Mixed Platforms.Build.0 = Release|Any CPU
		{908F3CC0-809A-4FF3-8188-2FB4C81F29E7}.Release|x86.ActiveCfg = Release|Any CPU
		{908F3CC0-809A-4FF3-8188-2FB4C81F29E7}.Release|x86.Build.0 = Release|Any CPU
		{1AF032EE-6696-49F7-B2FE-3D0C7DA0269C}.Debug|Any CPU.ActiveCfg = Debug|Any CPU
		{1AF032EE-6696-49F7-B2FE-3D0C7DA0269C}.Debug|Any CPU.Build.0 = Debug|Any CPU
		{1AF032EE-6696-49F7-B2FE-3D0C7DA0269C}.Debug|Mixed Platforms.ActiveCfg = Debug|Any CPU
		{1AF032EE-6696-49F7-B2FE-3D0C7DA0269C}.Debug|Mixed Platforms.Build.0 = Debug|Any CPU
		{1AF032EE-6696-49F7-B2FE-3D0C7DA0269C}.Debug|x86.ActiveCfg = Debug|Any CPU
		{1AF032EE-6696-49F7-B2FE-3D0C7DA0269C}.Debug|x86.Build.0 = Debug|Any CPU
		{1AF032EE-6696-49F7-B2FE-3D0C7DA0269C}.Release|Any CPU.ActiveCfg = Release|Any CPU
		{1AF032EE-6696-49F7-B2FE-3D0C7DA0269C}.Release|Any CPU.Build.0 = Release|Any CPU
		{1AF032EE-6696-49F7-B2FE-3D0C7DA0269C}.Release|Mixed Platforms.ActiveCfg = Release|Any CPU
		{1AF032EE-6696-49F7-B2FE-3D0C7DA0269C}.Release|Mixed Platforms.Build.0 = Release|Any CPU
		{1AF032EE-6696-49F7-B2FE-3D0C7DA0269C}.Release|x86.ActiveCfg = Release|Any CPU
		{1AF032EE-6696-49F7-B2FE-3D0C7DA0269C}.Release|x86.Build.0 = Release|Any CPU
		{AAFD2B6E-743B-40EF-8A5A-04E3F197C073}.Debug|Any CPU.ActiveCfg = Debug|Any CPU
		{AAFD2B6E-743B-40EF-8A5A-04E3F197C073}.Debug|Any CPU.Build.0 = Debug|Any CPU
		{AAFD2B6E-743B-40EF-8A5A-04E3F197C073}.Debug|Mixed Platforms.ActiveCfg = Debug|Any CPU
		{AAFD2B6E-743B-40EF-8A5A-04E3F197C073}.Debug|Mixed Platforms.Build.0 = Debug|Any CPU
		{AAFD2B6E-743B-40EF-8A5A-04E3F197C073}.Debug|x86.ActiveCfg = Debug|Any CPU
		{AAFD2B6E-743B-40EF-8A5A-04E3F197C073}.Debug|x86.Build.0 = Debug|Any CPU
		{AAFD2B6E-743B-40EF-8A5A-04E3F197C073}.Release|Any CPU.ActiveCfg = Release|Any CPU
		{AAFD2B6E-743B-40EF-8A5A-04E3F197C073}.Release|Any CPU.Build.0 = Release|Any CPU
		{AAFD2B6E-743B-40EF-8A5A-04E3F197C073}.Release|Mixed Platforms.ActiveCfg = Release|Any CPU
		{AAFD2B6E-743B-40EF-8A5A-04E3F197C073}.Release|Mixed Platforms.Build.0 = Release|Any CPU
		{AAFD2B6E-743B-40EF-8A5A-04E3F197C073}.Release|x86.ActiveCfg = Release|Any CPU
		{AAFD2B6E-743B-40EF-8A5A-04E3F197C073}.Release|x86.Build.0 = Release|Any CPU
		{9A8518DF-F2AF-4078-BC80-2C74E22954EC}.Debug|Any CPU.ActiveCfg = Debug|Any CPU
		{9A8518DF-F2AF-4078-BC80-2C74E22954EC}.Debug|Any CPU.Build.0 = Debug|Any CPU
		{9A8518DF-F2AF-4078-BC80-2C74E22954EC}.Debug|Mixed Platforms.ActiveCfg = Debug|Any CPU
		{9A8518DF-F2AF-4078-BC80-2C74E22954EC}.Debug|Mixed Platforms.Build.0 = Debug|Any CPU
		{9A8518DF-F2AF-4078-BC80-2C74E22954EC}.Debug|x86.ActiveCfg = Debug|Any CPU
		{9A8518DF-F2AF-4078-BC80-2C74E22954EC}.Debug|x86.Build.0 = Debug|Any CPU
		{9A8518DF-F2AF-4078-BC80-2C74E22954EC}.Release|Any CPU.ActiveCfg = Release|Any CPU
		{9A8518DF-F2AF-4078-BC80-2C74E22954EC}.Release|Any CPU.Build.0 = Release|Any CPU
		{9A8518DF-F2AF-4078-BC80-2C74E22954EC}.Release|Mixed Platforms.ActiveCfg = Release|Any CPU
		{9A8518DF-F2AF-4078-BC80-2C74E22954EC}.Release|Mixed Platforms.Build.0 = Release|Any CPU
		{9A8518DF-F2AF-4078-BC80-2C74E22954EC}.Release|x86.ActiveCfg = Release|Any CPU
		{9A8518DF-F2AF-4078-BC80-2C74E22954EC}.Release|x86.Build.0 = Release|Any CPU
		{E3421217-8473-49CD-9099-85AEEF0E8928}.Debug|Any CPU.ActiveCfg = Debug|Any CPU
		{E3421217-8473-49CD-9099-85AEEF0E8928}.Debug|Any CPU.Build.0 = Debug|Any CPU
		{E3421217-8473-49CD-9099-85AEEF0E8928}.Debug|Mixed Platforms.ActiveCfg = Debug|Any CPU
		{E3421217-8473-49CD-9099-85AEEF0E8928}.Debug|Mixed Platforms.Build.0 = Debug|Any CPU
		{E3421217-8473-49CD-9099-85AEEF0E8928}.Debug|x86.ActiveCfg = Debug|Any CPU
		{E3421217-8473-49CD-9099-85AEEF0E8928}.Debug|x86.Build.0 = Debug|Any CPU
		{E3421217-8473-49CD-9099-85AEEF0E8928}.Release|Any CPU.ActiveCfg = Release|Any CPU
		{E3421217-8473-49CD-9099-85AEEF0E8928}.Release|Any CPU.Build.0 = Release|Any CPU
		{E3421217-8473-49CD-9099-85AEEF0E8928}.Release|Mixed Platforms.ActiveCfg = Release|Any CPU
		{E3421217-8473-49CD-9099-85AEEF0E8928}.Release|Mixed Platforms.Build.0 = Release|Any CPU
		{E3421217-8473-49CD-9099-85AEEF0E8928}.Release|x86.ActiveCfg = Release|Any CPU
		{E3421217-8473-49CD-9099-85AEEF0E8928}.Release|x86.Build.0 = Release|Any CPU
	EndGlobalSection
	GlobalSection(SolutionProperties) = preSolution
		HideSolutionNode = FALSE
	EndGlobalSection
	GlobalSection(NestedProjects) = preSolution
		{CF75E712-CD28-42EF-A9F7-5DDE2B4E7BA8} = {24BA1707-BE2A-4391-8A57-747DE7EAA0D4}
		{8ACF58AD-9149-4D94-B2EB-996FA0E3F2DA} = {24BA1707-BE2A-4391-8A57-747DE7EAA0D4}
		{C170087E-7A8F-4CBC-A0F7-F869DFFE48FD} = {24BA1707-BE2A-4391-8A57-747DE7EAA0D4}
		{9B786951-7D5C-42C4-A9DF-EC558BC44593} = {6C4B2D97-C73E-4AF4-83EB-848DF0BBDC51}
		{054031E6-3E06-47D9-B3D1-B8A8E164E504} = {0E486076-F798-4FB5-9ED5-3EEDECC8400B}
		{899F860D-D9FC-4F83-9BF8-67B3C0D4EECD} = {0E486076-F798-4FB5-9ED5-3EEDECC8400B}
		{FBFA63DF-5A51-4FFF-8535-AD0F5E723B64} = {12CD51B1-5A4D-4271-AA76-212D3A5B42DC}
		{73330D02-9B8F-43D3-A423-462218EDB486} = {12CD51B1-5A4D-4271-AA76-212D3A5B42DC}
		{386BF8AA-7EE2-46BB-AECC-6CD829671881} = {39125549-7899-4D36-88B7-6E170E056CE5}
		{325D1BA4-98B0-47EC-A42D-6375C940ADF9} = {39125549-7899-4D36-88B7-6E170E056CE5}
		{A757A8FC-9989-4945-8319-74A02A2E7D2D} = {409972E1-4F69-4F28-828D-2D40D66E14DD}
		{12850D10-2DA6-4275-8EE1-0AA4D6FB7AB7} = {409972E1-4F69-4F28-828D-2D40D66E14DD}
		{89B48C7F-9EA2-40CF-879C-5509555D3B1D} = {80671B5A-8776-4847-A27A-E1CCA426944D}
		{BDBF564A-45AB-419D-800C-BFAAC949FDE3} = {80671B5A-8776-4847-A27A-E1CCA426944D}
		{C18E1369-66C3-4A87-82BF-10E13E6CC2A0} = {43DCCF98-1905-4207-AC4D-D08335054A1A}
		{CCFDFB42-5C2C-4F2E-A417-C6A1E015275B} = {43DCCF98-1905-4207-AC4D-D08335054A1A}
		{5A3E7893-910A-48A7-9582-58A864068CA8} = {BC87B3FF-A364-4EA9-9E89-29DA3B9D8D9C}
		{9EA9FE4A-AC19-4FF5-908F-54A7831B41EE} = {E76BB8BC-2D1D-4C2F-9C44-3898029F1D0E}
		{EBA573AD-BD41-47A3-A3A9-171E88CDD564} = {BC87B3FF-A364-4EA9-9E89-29DA3B9D8D9C}
		{876CB197-8526-46D7-8E91-3348BE81A404} = {E76BB8BC-2D1D-4C2F-9C44-3898029F1D0E}
		{627582B7-A84E-44E3-90C0-BBF9553B20B3} = {505BB9C0-5642-4869-8316-FEFEB68015F0}
		{AAE2BDAA-FE79-4F8D-BF1A-5923405E865C} = {3AEF89CC-E1BB-412D-A5F7-EC2C1312CAD7}
		{7B0D11F6-87D8-4DD9-A764-5D2A28169C8A} = {C1E324DC-E0DA-4C8C-9D02-4D255FB6AE33}
		{2BA9C14E-EA28-4BBD-96C8-AD64102A35F7} = {765857A2-B57A-4AAD-A894-51CF6D01CFDB}
		{482D454D-50E7-4865-A15E-CE786C256E89} = {13F4558D-8BA7-406C-AF0A-6D354F5E750B}
		{1A349F42-3ADD-4D2E-BD47-F34026B827DA} = {4BD7C014-F639-4476-8195-6DBD00B5D547}
		{402EA8B6-745A-4CE9-B034-8D994B6E13E5} = {FC07417C-A49C-47BB-8FAF-60EB32FD135D}
		{EAD41C3C-2383-490D-B3CA-B8B5EF9AA192} = {C1E324DC-E0DA-4C8C-9D02-4D255FB6AE33}
		{723E1845-8604-4F4C-9191-5DE701A6E7FD} = {3AEF89CC-E1BB-412D-A5F7-EC2C1312CAD7}
		{908F3CC0-809A-4FF3-8188-2FB4C81F29E7} = {765857A2-B57A-4AAD-A894-51CF6D01CFDB}
		{1AF032EE-6696-49F7-B2FE-3D0C7DA0269C} = {505BB9C0-5642-4869-8316-FEFEB68015F0}
		{AAFD2B6E-743B-40EF-8A5A-04E3F197C073} = {13F4558D-8BA7-406C-AF0A-6D354F5E750B}
		{9A8518DF-F2AF-4078-BC80-2C74E22954EC} = {4BD7C014-F639-4476-8195-6DBD00B5D547}
		{E3421217-8473-49CD-9099-85AEEF0E8928} = {FC07417C-A49C-47BB-8FAF-60EB32FD135D}
	EndGlobalSection
	GlobalSection(TestCaseManagementSettings) = postSolution
		CategoryFile = Fanex2.vsmdi
	EndGlobalSection
EndGlobal
